
Microsoft Visual Studio Solution File, Format Version 12.00
# Visual Studio Version 17
VisualStudioVersion = 17.7.34031.279
MinimumVisualStudioVersion = 10.0.40219.1
Project("{9A19103F-16F7-4668-BE54-9A1E7A4F7556}") = "Students_Management_Api", "Students_Management_Api.csproj", "{C5D7D69A-8BCA-4D2B-BB23-9594D3884FE1}"
EndProject
Project("{9A19103F-16F7-4668-BE54-9A1E7A4F7556}") = "Test_Api", "..\Test_Api\Test_Api.csproj", "{7BD9D18E-2503-4C66-B201-BD353EB9CEDB}"
EndProject
Global
	GlobalSection(SolutionConfigurationPlatforms) = preSolution
		Debug|Any CPU = Debug|Any CPU
		Release|Any CPU = Release|Any CPU
	EndGlobalSection
	GlobalSection(ProjectConfigurationPlatforms) = postSolution
		{C5D7D69A-8BCA-4D2B-BB23-9594D3884FE1}.Debug|Any CPU.ActiveCfg = Debug|Any CPU
		{C5D7D69A-8BCA-4D2B-BB23-9594D3884FE1}.Debug|Any CPU.Build.0 = Debug|Any CPU
		{C5D7D69A-8BCA-4D2B-BB23-9594D3884FE1}.Release|Any CPU.ActiveCfg = Release|Any CPU
		{C5D7D69A-8BCA-4D2B-BB23-9594D3884FE1}.Release|Any CPU.Build.0 = Release|Any CPU
		{7BD9D18E-2503-4C66-B201-BD353EB9CEDB}.Debug|Any CPU.ActiveCfg = Debug|Any CPU
		{7BD9D18E-2503-4C66-B201-BD353EB9CEDB}.Debug|Any CPU.Build.0 = Debug|Any CPU
		{7BD9D18E-2503-4C66-B201-BD353EB9CEDB}.Release|Any CPU.ActiveCfg = Release|Any CPU
		{7BD9D18E-2503-4C66-B201-BD353EB9CEDB}.Release|Any CPU.Build.0 = Release|Any CPU
	EndGlobalSection
	GlobalSection(SolutionProperties) = preSolution
		HideSolutionNode = FALSE
	EndGlobalSection
	GlobalSection(ExtensibilityGlobals) = postSolution
		SolutionGuid = {B33A35BC-1BD8-44B7-9E19-55A0650C08CF}
	EndGlobalSection
EndGlobal
